
Microsoft Visual Studio Solution File, Format Version 12.00
# Visual Studio Version 16
VisualStudioVersion = 16.0.31424.327
MinimumVisualStudioVersion = 10.0.40219.1
Project("{FAE04EC0-301F-11D3-BF4B-00C04F79EFBC}") = "BillReminder.Domain", "BillReminder.Domain\BillReminder.Domain.csproj", "{F267755F-9D92-44F3-AC36-C5699C0343A7}"
EndProject
Project("{FAE04EC0-301F-11D3-BF4B-00C04F79EFBC}") = "BillReminder.Shared", "BillReminder.Shared\BillReminder.Shared.csproj", "{E98CEA56-58C1-4B11-B146-14B0FBC96F07}"
EndProject
Project("{FAE04EC0-301F-11D3-BF4B-00C04F79EFBC}") = "BillReminder.Infra", "BillReminder.Infra\BillReminder.Infra.csproj", "{4013E0B5-A8D5-47A3-B979-C9B5D048D8AE}"
EndProject
Project("{FAE04EC0-301F-11D3-BF4B-00C04F79EFBC}") = "BillReminder.API", "BillReminder.API\BillReminder.API.csproj", "{4C089D0A-1E3D-4D16-9551-267852EBA8EE}"
EndProject
Global
	GlobalSection(SolutionConfigurationPlatforms) = preSolution
		Debug|Any CPU = Debug|Any CPU
		Release|Any CPU = Release|Any CPU
	EndGlobalSection
	GlobalSection(ProjectConfigurationPlatforms) = postSolution
		{F267755F-9D92-44F3-AC36-C5699C0343A7}.Debug|Any CPU.ActiveCfg = Debug|Any CPU
		{F267755F-9D92-44F3-AC36-C5699C0343A7}.Debug|Any CPU.Build.0 = Debug|Any CPU
		{F267755F-9D92-44F3-AC36-C5699C0343A7}.Release|Any CPU.ActiveCfg = Release|Any CPU
		{F267755F-9D92-44F3-AC36-C5699C0343A7}.Release|Any CPU.Build.0 = Release|Any CPU
		{E98CEA56-58C1-4B11-B146-14B0FBC96F07}.Debug|Any CPU.ActiveCfg = Debug|Any CPU
		{E98CEA56-58C1-4B11-B146-14B0FBC96F07}.Debug|Any CPU.Build.0 = Debug|Any CPU
		{E98CEA56-58C1-4B11-B146-14B0FBC96F07}.Release|Any CPU.ActiveCfg = Release|Any CPU
		{E98CEA56-58C1-4B11-B146-14B0FBC96F07}.Release|Any CPU.Build.0 = Release|Any CPU
		{4013E0B5-A8D5-47A3-B979-C9B5D048D8AE}.Debug|Any CPU.ActiveCfg = Debug|Any CPU
		{4013E0B5-A8D5-47A3-B979-C9B5D048D8AE}.Debug|Any CPU.Build.0 = Debug|Any CPU
		{4013E0B5-A8D5-47A3-B979-C9B5D048D8AE}.Release|Any CPU.ActiveCfg = Release|Any CPU
		{4013E0B5-A8D5-47A3-B979-C9B5D048D8AE}.Release|Any CPU.Build.0 = Release|Any CPU
		{4C089D0A-1E3D-4D16-9551-267852EBA8EE}.Debug|Any CPU.ActiveCfg = Debug|Any CPU
		{4C089D0A-1E3D-4D16-9551-267852EBA8EE}.Debug|Any CPU.Build.0 = Debug|Any CPU
		{4C089D0A-1E3D-4D16-9551-267852EBA8EE}.Release|Any CPU.ActiveCfg = Release|Any CPU
		{4C089D0A-1E3D-4D16-9551-267852EBA8EE}.Release|Any CPU.Build.0 = Release|Any CPU
	EndGlobalSection
	GlobalSection(SolutionProperties) = preSolution
		HideSolutionNode = FALSE
	EndGlobalSection
	GlobalSection(ExtensibilityGlobals) = postSolution
		SolutionGuid = {B652CF1B-3526-4B0D-ABC5-6A234801D703}
	EndGlobalSection
EndGlobal
